
Microsoft Visual Studio Solution File, Format Version 12.00
# Visual Studio Version 17
VisualStudioVersion = 17.14.36518.9 d17.14
MinimumVisualStudioVersion = 10.0.40219.1
Project("{8BC9CEB8-8B4A-11D0-8D11-00A0C91BC942}") = "CA_minesweeper", "CA_minesweeper.vcxproj", "{50824607-4365-4452-831C-5E02852EAA26}"
EndProject
Global
	GlobalSection(SolutionConfigurationPlatforms) = preSolution
		Debug|x64 = Debug|x64
		Debug|x86 = Debug|x86
		Release|x64 = Release|x64
		Release|x86 = Release|x86
	EndGlobalSection
	GlobalSection(ProjectConfigurationPlatforms) = postSolution
		{50824607-4365-4452-831C-5E02852EAA26}.Debug|x64.ActiveCfg = Debug|x64
		{50824607-4365-4452-831C-5E02852EAA26}.Debug|x64.Build.0 = Debug|x64
		{50824607-4365-4452-831C-5E02852EAA26}.Debug|x86.ActiveCfg = Debug|Win32
		{50824607-4365-4452-831C-5E02852EAA26}.Debug|x86.Build.0 = Debug|Win32
		{50824607-4365-4452-831C-5E02852EAA26}.Release|x64.ActiveCfg = Release|x64
		{50824607-4365-4452-831C-5E02852EAA26}.Release|x64.Build.0 = Release|x64
		{50824607-4365-4452-831C-5E02852EAA26}.Release|x86.ActiveCfg = Release|Win32
		{50824607-4365-4452-831C-5E02852EAA26}.Release|x86.Build.0 = Release|Win32
	EndGlobalSection
	GlobalSection(SolutionProperties) = preSolution
		HideSolutionNode = FALSE
	EndGlobalSection
	GlobalSection(ExtensibilityGlobals) = postSolution
		SolutionGuid = {A5DB5E1F-9FE2-4946-908A-C54EF48CC212}
	EndGlobalSection
EndGlobal
